
Microsoft Visual Studio Solution File, Format Version 12.00
# Visual Studio Version 17
VisualStudioVersion = 17.5.002.0
MinimumVisualStudioVersion = 10.0.40219.1
Project("{9A19103F-16F7-4668-BE54-9A1E7A4F7556}") = "web.client", "Web.Client\web.client.csproj", "{4AFA555A-F63A-4200-9434-D266B8D020F6}"
EndProject
Project("{9A19103F-16F7-4668-BE54-9A1E7A4F7556}") = "web.ui", "Web.UI\web.ui.csproj", "{720DBC64-54A2-42AD-9322-43B1674EBF7B}"
EndProject
Global
	GlobalSection(SolutionConfigurationPlatforms) = preSolution
		Debug|Any CPU = Debug|Any CPU
		Release|Any CPU = Release|Any CPU
	EndGlobalSection
	GlobalSection(ProjectConfigurationPlatforms) = postSolution
		{4AFA555A-F63A-4200-9434-D266B8D020F6}.Debug|Any CPU.ActiveCfg = Debug|Any CPU
		{4AFA555A-F63A-4200-9434-D266B8D020F6}.Debug|Any CPU.Build.0 = Debug|Any CPU
		{4AFA555A-F63A-4200-9434-D266B8D020F6}.Release|Any CPU.ActiveCfg = Release|Any CPU
		{4AFA555A-F63A-4200-9434-D266B8D020F6}.Release|Any CPU.Build.0 = Release|Any CPU
		{720DBC64-54A2-42AD-9322-43B1674EBF7B}.Debug|Any CPU.ActiveCfg = Debug|Any CPU
		{720DBC64-54A2-42AD-9322-43B1674EBF7B}.Debug|Any CPU.Build.0 = Debug|Any CPU
		{720DBC64-54A2-42AD-9322-43B1674EBF7B}.Release|Any CPU.ActiveCfg = Release|Any CPU
		{720DBC64-54A2-42AD-9322-43B1674EBF7B}.Release|Any CPU.Build.0 = Release|Any CPU
	EndGlobalSection
	GlobalSection(SolutionProperties) = preSolution
		HideSolutionNode = FALSE
	EndGlobalSection
	GlobalSection(ExtensibilityGlobals) = postSolution
		SolutionGuid = {537CFAA9-BE4C-475F-A22F-A89D6959B0AF}
	EndGlobalSection
EndGlobal
